# This file was autogenerated by Stack.
# You should not edit this file by hand.
# For more information, please see the documentation at:
#   https://docs.haskellstack.org/en/stable/lock_files

packages:
- completed:
    hackage: JuicyPixels-3.3.5@sha256:5c67dc066d67f5045221a8202f701f4c77eab8220f44414c00fadcdc3e4f872b,3911
    pantry-tree:
      size: 2724
      sha256: e509268878581ec17929cab9ee6cc30ef05f6c203e760f49865547249fbb9d48
  original:
    hackage: JuicyPixels-3.3.5
- completed:
    hackage: scotty-0.12@sha256:4d6bbb15627cec8c7c71f9ce02629bb986b5fe20a50472df33bccbe908d9bda8,5353
    pantry-tree:
      size: 1701
      sha256: ebb9cb9e72c598e03503d98d5dd0796f465e1664c87ebe64fde4d349b13ccfc6
  original:
    hackage: scotty-0.12
- completed:
    hackage: blaze-html-0.9.1.2@sha256:5cd99ebdbf18e096f548f49ccabad0ec1338a1e7dd5165ab304b25e2efb1cb54,2936
    pantry-tree:
      size: 2227
      sha256: ff6e5bf72d16de29dc93c5ea011636ee83146094d656495d282d41f4ee541d4a
  original:
    hackage: blaze-html-0.9.1.2
snapshots:
- completed:
    size: 532172
    url: https://raw.githubusercontent.com/commercialhaskell/stackage-snapshots/master/lts/16/18.yaml
    sha256: 4f2a092c6f4869854e8d7435ab98ce5157c641022c3cbfc4c4614ff3db752e62
  original: lts-16.18
